
Microsoft Visual Studio Solution File, Format Version 12.00
# Visual Studio Version 16
VisualStudioVersion = 16.0.32929.386
MinimumVisualStudioVersion = 10.0.40219.1
Project("{F14B399A-7131-4C87-9E4B-1186C45EF12D}") = "NAT-MT-BI-SSRS-JeldWen", "NAT-MT-BI-SSRS-JeldWen\NAT-MT-BI-SSRS-JeldWen.rptproj", "{C44EC701-6E50-427D-8540-7106DE47C40A}"
EndProject
Global
	GlobalSection(SolutionConfigurationPlatforms) = preSolution
		Debug|Default = Debug|Default
		DebugLocal|Default = DebugLocal|Default
		Release|Default = Release|Default
	EndGlobalSection
	GlobalSection(ProjectConfigurationPlatforms) = postSolution
		{C44EC701-6E50-427D-8540-7106DE47C40A}.Debug|Default.ActiveCfg = Debug
		{C44EC701-6E50-427D-8540-7106DE47C40A}.Debug|Default.Build.0 = Debug
		{C44EC701-6E50-427D-8540-7106DE47C40A}.Debug|Default.Deploy.0 = Debug
		{C44EC701-6E50-427D-8540-7106DE47C40A}.DebugLocal|Default.ActiveCfg = DebugLocal
		{C44EC701-6E50-427D-8540-7106DE47C40A}.DebugLocal|Default.Build.0 = DebugLocal
		{C44EC701-6E50-427D-8540-7106DE47C40A}.Release|Default.ActiveCfg = Release
		{C44EC701-6E50-427D-8540-7106DE47C40A}.Release|Default.Build.0 = Release
		{C44EC701-6E50-427D-8540-7106DE47C40A}.Release|Default.Deploy.0 = Release
	EndGlobalSection
	GlobalSection(SolutionProperties) = preSolution
		HideSolutionNode = FALSE
	EndGlobalSection
	GlobalSection(ExtensibilityGlobals) = postSolution
		SolutionGuid = {AE75ADB6-A987-44F3-81FC-B9174CDA9901}
	EndGlobalSection
EndGlobal
